
Microsoft Visual Studio Solution File, Format Version 12.00
# Visual Studio Version 17
VisualStudioVersion = 17.0.32126.317
MinimumVisualStudioVersion = 10.0.40219.1
Project("{FAE04EC0-301F-11D3-BF4B-00C04F79EFBC}") = "MarsProject", "MarsProject.csproj", "{86BFD4B2-F59B-4E81-9C59-7D39FAE4BF21}"
EndProject
Global
	GlobalSection(SolutionConfigurationPlatforms) = preSolution
		Debug|Any CPU = Debug|Any CPU
		Release|Any CPU = Release|Any CPU
	EndGlobalSection
	GlobalSection(ProjectConfigurationPlatforms) = postSolution
		{86BFD4B2-F59B-4E81-9C59-7D39FAE4BF21}.Debug|Any CPU.ActiveCfg = Debug|Any CPU
		{86BFD4B2-F59B-4E81-9C59-7D39FAE4BF21}.Debug|Any CPU.Build.0 = Debug|Any CPU
		{86BFD4B2-F59B-4E81-9C59-7D39FAE4BF21}.Release|Any CPU.ActiveCfg = Release|Any CPU
		{86BFD4B2-F59B-4E81-9C59-7D39FAE4BF21}.Release|Any CPU.Build.0 = Release|Any CPU
	EndGlobalSection
	GlobalSection(SolutionProperties) = preSolution
		HideSolutionNode = FALSE
	EndGlobalSection
	GlobalSection(ExtensibilityGlobals) = postSolution
		SolutionGuid = {559B496F-25B1-49E1-BBD7-2536928F7909}
	EndGlobalSection
EndGlobal
